
Microsoft Visual Studio Solution File, Format Version 12.00
# Visual Studio Version 16
VisualStudioVersion = 16.0.29613.14
MinimumVisualStudioVersion = 10.0.40219.1
Project("{FAE04EC0-301F-11D3-BF4B-00C04F79EFBC}") = "NumberGenerator", "NumberGenerator\NumberGenerator.csproj", "{DED9BEA2-9BAA-446A-A6F4-AD493F6D503D}"
EndProject
Global
	GlobalSection(SolutionConfigurationPlatforms) = preSolution
		Debug|Any CPU = Debug|Any CPU
		Release|Any CPU = Release|Any CPU
	EndGlobalSection
	GlobalSection(ProjectConfigurationPlatforms) = postSolution
		{DED9BEA2-9BAA-446A-A6F4-AD493F6D503D}.Debug|Any CPU.ActiveCfg = Debug|Any CPU
		{DED9BEA2-9BAA-446A-A6F4-AD493F6D503D}.Debug|Any CPU.Build.0 = Debug|Any CPU
		{DED9BEA2-9BAA-446A-A6F4-AD493F6D503D}.Release|Any CPU.ActiveCfg = Release|Any CPU
		{DED9BEA2-9BAA-446A-A6F4-AD493F6D503D}.Release|Any CPU.Build.0 = Release|Any CPU
	EndGlobalSection
	GlobalSection(SolutionProperties) = preSolution
		HideSolutionNode = FALSE
	EndGlobalSection
	GlobalSection(ExtensibilityGlobals) = postSolution
		SolutionGuid = {3663751C-8471-4404-A062-C009D88B429C}
	EndGlobalSection
EndGlobal
